// !$*UTF8*$!
{
	archiveVersion = 1;
	classes = {
	};
	objectVersion = 46;
	objects = {

/* Begin PBXBuildFile section */
		44A441D816C790B300D71022 /* CoreMedia.framework in Frameworks */ = {isa = PBXBuildFile; fileRef = 44A441D716C790B300D71022 /* CoreMedia.framework */; };
		44A441DB16C7AD4D00D71022 /* DPMNowPlayingViewController.m in Sources */ = {isa = PBXBuildFile; fileRef = 44A441DA16C7AD4D00D71022 /* DPMNowPlayingViewController.m */; };
		44A9FAA916CF9EFD00C6E5D1 /* DPMusicController.m in Sources */ = {isa = PBXBuildFile; fileRef = 44A9FA9416CF9EFD00C6E5D1 /* DPMusicController.m */; };
		44A9FAAA16CF9EFD00C6E5D1 /* DPMusicItem.m in Sources */ = {isa = PBXBuildFile; fileRef = 44A9FA9616CF9EFD00C6E5D1 /* DPMusicItem.m */; };
		44A9FAAB16CF9EFD00C6E5D1 /* DPMusicItemAlbum.m in Sources */ = {isa = PBXBuildFile; fileRef = 44A9FA9816CF9EFD00C6E5D1 /* DPMusicItemAlbum.m */; };
		44A9FAAC16CF9EFD00C6E5D1 /* DPMusicItemArtist.m in Sources */ = {isa = PBXBuildFile; fileRef = 44A9FA9A16CF9EFD00C6E5D1 /* DPMusicItemArtist.m */; };
		44A9FAAD16CF9EFD00C6E5D1 /* DPMusicItemIndexSection.m in Sources */ = {isa = PBXBuildFile; fileRef = 44A9FA9C16CF9EFD00C6E5D1 /* DPMusicItemIndexSection.m */; };
		44A9FAAE16CF9EFD00C6E5D1 /* DPMusicItemSong.m in Sources */ = {isa = PBXBuildFile; fileRef = 44A9FA9E16CF9EFD00C6E5D1 /* DPMusicItemSong.m */; };
		44A9FAAF16CF9EFD00C6E5D1 /* DPMusicLibraryManager.m in Sources */ = {isa = PBXBuildFile; fileRef = 44A9FAA016CF9EFD00C6E5D1 /* DPMusicLibraryManager.m */; };
		44A9FAB016CF9EFD00C6E5D1 /* DPMusicPlayer.m in Sources */ = {isa = PBXBuildFile; fileRef = 44A9FAA216CF9EFD00C6E5D1 /* DPMusicPlayer.m */; };
		44A9FAB116CF9EFD00C6E5D1 /* TPCircularBuffer+AudioBufferList.c in Sources */ = {isa = PBXBuildFile; fileRef = 44A9FAA516CF9EFD00C6E5D1 /* TPCircularBuffer+AudioBufferList.c */; };
		44A9FAB216CF9EFD00C6E5D1 /* TPCircularBuffer.c in Sources */ = {isa = PBXBuildFile; fileRef = 44A9FAA716CF9EFD00C6E5D1 /* TPCircularBuffer.c */; };
		44AB1FB116C78B9900BD3670 /* DPMTableViewController.m in Sources */ = {isa = PBXBuildFile; fileRef = 44AB1FAF16C78B9900BD3670 /* DPMTableViewController.m */; };
		44C3C09416C65EE3003E43D3 /* UIKit.framework in Frameworks */ = {isa = PBXBuildFile; fileRef = 44C3C09316C65EE3003E43D3 /* UIKit.framework */; };
		44C3C09616C65EE3003E43D3 /* Foundation.framework in Frameworks */ = {isa = PBXBuildFile; fileRef = 44C3C09516C65EE3003E43D3 /* Foundation.framework */; };
		44C3C09816C65EE3003E43D3 /* CoreGraphics.framework in Frameworks */ = {isa = PBXBuildFile; fileRef = 44C3C09716C65EE3003E43D3 /* CoreGraphics.framework */; };
		44C3C09E16C65EE3003E43D3 /* InfoPlist.strings in Resources */ = {isa = PBXBuildFile; fileRef = 44C3C09C16C65EE3003E43D3 /* InfoPlist.strings */; };
		44C3C0A016C65EE3003E43D3 /* main.m in Sources */ = {isa = PBXBuildFile; fileRef = 44C3C09F16C65EE3003E43D3 /* main.m */; };
		44C3C0A416C65EE3003E43D3 /* DPMAppDelegate.m in Sources */ = {isa = PBXBuildFile; fileRef = 44C3C0A316C65EE3003E43D3 /* DPMAppDelegate.m */; };
		44C3C0A616C65EE3003E43D3 /* Default.png in Resources */ = {isa = PBXBuildFile; fileRef = 44C3C0A516C65EE3003E43D3 /* Default.png */; };
		44C3C0A816C65EE3003E43D3 /* Default@2x.png in Resources */ = {isa = PBXBuildFile; fileRef = 44C3C0A716C65EE3003E43D3 /* Default@2x.png */; };
		44C3C0AA16C65EE3003E43D3 /* Default-568h@2x.png in Resources */ = {isa = PBXBuildFile; fileRef = 44C3C0A916C65EE3003E43D3 /* Default-568h@2x.png */; };
		44C3C0AD16C65EE3003E43D3 /* MainStoryboard_iPhone.storyboard in Resources */ = {isa = PBXBuildFile; fileRef = 44C3C0AB16C65EE3003E43D3 /* MainStoryboard_iPhone.storyboard */; };
		44C3C0B016C65EE3003E43D3 /* MainStoryboard_iPad.storyboard in Resources */ = {isa = PBXBuildFile; fileRef = 44C3C0AE16C65EE3003E43D3 /* MainStoryboard_iPad.storyboard */; };
		44C3C0B316C65EE3003E43D3 /* DPMViewController.m in Sources */ = {isa = PBXBuildFile; fileRef = 44C3C0B216C65EE3003E43D3 /* DPMViewController.m */; };
		44C3C0C616C661A3003E43D3 /* AudioToolbox.framework in Frameworks */ = {isa = PBXBuildFile; fileRef = 44C3C0C516C661A3003E43D3 /* AudioToolbox.framework */; };
		44C3C0C816C661A9003E43D3 /* CoreAudio.framework in Frameworks */ = {isa = PBXBuildFile; fileRef = 44C3C0C716C661A9003E43D3 /* CoreAudio.framework */; };
		44C3C0CA16C66219003E43D3 /* AVFoundation.framework in Frameworks */ = {isa = PBXBuildFile; fileRef = 44C3C0C916C66219003E43D3 /* AVFoundation.framework */; };
		44C3C0D516C68870003E43D3 /* MediaPlayer.framework in Frameworks */ = {isa = PBXBuildFile; fileRef = 44C3C0D416C68870003E43D3 /* MediaPlayer.framework */; };
/* End PBXBuildFile section */

/* Begin PBXFileReference section */
		44A441D716C790B300D71022 /* CoreMedia.framework */ = {isa = PBXFileReference; lastKnownFileType = wrapper.framework; name = CoreMedia.framework; path = System/Library/Frameworks/CoreMedia.framework; sourceTree = SDKROOT; };
		44A441D916C7AD4D00D71022 /* DPMNowPlayingViewController.h */ = {isa = PBXFileReference; fileEncoding = 4; lastKnownFileType = sourcecode.c.h; name = DPMNowPlayingViewController.h; path = ViewControllers/DPMNowPlayingViewController.h; sourceTree = "<group>"; };
		44A441DA16C7AD4D00D71022 /* DPMNowPlayingViewController.m */ = {isa = PBXFileReference; fileEncoding = 4; lastKnownFileType = sourcecode.c.objc; name = DPMNowPlayingViewController.m; path = ViewControllers/DPMNowPlayingViewController.m; sourceTree = "<group>"; };
		44A9FA9216CF9EFD00C6E5D1 /* DPMusicConstants.h */ = {isa = PBXFileReference; fileEncoding = 4; lastKnownFileType = sourcecode.c.h; path = DPMusicConstants.h; sourceTree = "<group>"; };
		44A9FA9316CF9EFD00C6E5D1 /* DPMusicController.h */ = {isa = PBXFileReference; fileEncoding = 4; lastKnownFileType = sourcecode.c.h; path = DPMusicController.h; sourceTree = "<group>"; };
		44A9FA9416CF9EFD00C6E5D1 /* DPMusicController.m */ = {isa = PBXFileReference; fileEncoding = 4; lastKnownFileType = sourcecode.c.objc; path = DPMusicController.m; sourceTree = "<group>"; };
		44A9FA9516CF9EFD00C6E5D1 /* DPMusicItem.h */ = {isa = PBXFileReference; fileEncoding = 4; lastKnownFileType = sourcecode.c.h; path = DPMusicItem.h; sourceTree = "<group>"; };
		44A9FA9616CF9EFD00C6E5D1 /* DPMusicItem.m */ = {isa = PBXFileReference; fileEncoding = 4; lastKnownFileType = sourcecode.c.objc; path = DPMusicItem.m; sourceTree = "<group>"; };
		44A9FA9716CF9EFD00C6E5D1 /* DPMusicItemAlbum.h */ = {isa = PBXFileReference; fileEncoding = 4; lastKnownFileType = sourcecode.c.h; path = DPMusicItemAlbum.h; sourceTree = "<group>"; };
		44A9FA9816CF9EFD00C6E5D1 /* DPMusicItemAlbum.m */ = {isa = PBXFileReference; fileEncoding = 4; lastKnownFileType = sourcecode.c.objc; path = DPMusicItemAlbum.m; sourceTree = "<group>"; };
		44A9FA9916CF9EFD00C6E5D1 /* DPMusicItemArtist.h */ = {isa = PBXFileReference; fileEncoding = 4; lastKnownFileType = sourcecode.c.h; path = DPMusicItemArtist.h; sourceTree = "<group>"; };
		44A9FA9A16CF9EFD00C6E5D1 /* DPMusicItemArtist.m */ = {isa = PBXFileReference; fileEncoding = 4; lastKnownFileType = sourcecode.c.objc; path = DPMusicItemArtist.m; sourceTree = "<group>"; };
		44A9FA9B16CF9EFD00C6E5D1 /* DPMusicItemIndexSection.h */ = {isa = PBXFileReference; fileEncoding = 4; lastKnownFileType = sourcecode.c.h; path = DPMusicItemIndexSection.h; sourceTree = "<group>"; };
		44A9FA9C16CF9EFD00C6E5D1 /* DPMusicItemIndexSection.m */ = {isa = PBXFileReference; fileEncoding = 4; lastKnownFileType = sourcecode.c.objc; path = DPMusicItemIndexSection.m; sourceTree = "<group>"; };
		44A9FA9D16CF9EFD00C6E5D1 /* DPMusicItemSong.h */ = {isa = PBXFileReference; fileEncoding = 4; lastKnownFileType = sourcecode.c.h; path = DPMusicItemSong.h; sourceTree = "<group>"; };
		44A9FA9E16CF9EFD00C6E5D1 /* DPMusicItemSong.m */ = {isa = PBXFileReference; fileEncoding = 4; lastKnownFileType = sourcecode.c.objc; path = DPMusicItemSong.m; sourceTree = "<group>"; };
		44A9FA9F16CF9EFD00C6E5D1 /* DPMusicLibraryManager.h */ = {isa = PBXFileReference; fileEncoding = 4; lastKnownFileType = sourcecode.c.h; path = DPMusicLibraryManager.h; sourceTree = "<group>"; };
		44A9FAA016CF9EFD00C6E5D1 /* DPMusicLibraryManager.m */ = {isa = PBXFileReference; fileEncoding = 4; lastKnownFileType = sourcecode.c.objc; path = DPMusicLibraryManager.m; sourceTree = "<group>"; };
		44A9FAA116CF9EFD00C6E5D1 /* DPMusicPlayer.h */ = {isa = PBXFileReference; fileEncoding = 4; lastKnownFileType = sourcecode.c.h; path = DPMusicPlayer.h; sourceTree = "<group>"; };
		44A9FAA216CF9EFD00C6E5D1 /* DPMusicPlayer.m */ = {isa = PBXFileReference; fileEncoding = 4; lastKnownFileType = sourcecode.c.objc; path = DPMusicPlayer.m; sourceTree = "<group>"; };
		44A9FAA516CF9EFD00C6E5D1 /* TPCircularBuffer+AudioBufferList.c */ = {isa = PBXFileReference; fileEncoding = 4; lastKnownFileType = sourcecode.c.c; path = "TPCircularBuffer+AudioBufferList.c"; sourceTree = "<group>"; };
		44A9FAA616CF9EFD00C6E5D1 /* TPCircularBuffer+AudioBufferList.h */ = {isa = PBXFileReference; fileEncoding = 4; lastKnownFileType = sourcecode.c.h; path = "TPCircularBuffer+AudioBufferList.h"; sourceTree = "<group>"; };
		44A9FAA716CF9EFD00C6E5D1 /* TPCircularBuffer.c */ = {isa = PBXFileReference; fileEncoding = 4; lastKnownFileType = sourcecode.c.c; path = TPCircularBuffer.c; sourceTree = "<group>"; };
		44A9FAA816CF9EFD00C6E5D1 /* TPCircularBuffer.h */ = {isa = PBXFileReference; fileEncoding = 4; lastKnownFileType = sourcecode.c.h; path = TPCircularBuffer.h; sourceTree = "<group>"; };
		44AB1FAE16C78B9900BD3670 /* DPMTableViewController.h */ = {isa = PBXFileReference; fileEncoding = 4; lastKnownFileType = sourcecode.c.h; name = DPMTableViewController.h; path = ViewControllers/DPMTableViewController.h; sourceTree = "<group>"; };
		44AB1FAF16C78B9900BD3670 /* DPMTableViewController.m */ = {isa = PBXFileReference; fileEncoding = 4; lastKnownFileType = sourcecode.c.objc; name = DPMTableViewController.m; path = ViewControllers/DPMTableViewController.m; sourceTree = "<group>"; };
		44C3C09016C65EE3003E43D3 /* DPMusicControllerDemoApp.app */ = {isa = PBXFileReference; explicitFileType = wrapper.application; includeInIndex = 0; path = DPMusicControllerDemoApp.app; sourceTree = BUILT_PRODUCTS_DIR; };
		44C3C09316C65EE3003E43D3 /* UIKit.framework */ = {isa = PBXFileReference; lastKnownFileType = wrapper.framework; name = UIKit.framework; path = System/Library/Frameworks/UIKit.framework; sourceTree = SDKROOT; };
		44C3C09516C65EE3003E43D3 /* Foundation.framework */ = {isa = PBXFileReference; lastKnownFileType = wrapper.framework; name = Foundation.framework; path = System/Library/Frameworks/Foundation.framework; sourceTree = SDKROOT; };
		44C3C09716C65EE3003E43D3 /* CoreGraphics.framework */ = {isa = PBXFileReference; lastKnownFileType = wrapper.framework; name = CoreGraphics.framework; path = System/Library/Frameworks/CoreGraphics.framework; sourceTree = SDKROOT; };
		44C3C09B16C65EE3003E43D3 /* DPMusicControllerDemoApp-Info.plist */ = {isa = PBXFileReference; lastKnownFileType = text.plist.xml; path = "DPMusicControllerDemoApp-Info.plist"; sourceTree = "<group>"; };
		44C3C09D16C65EE3003E43D3 /* en */ = {isa = PBXFileReference; lastKnownFileType = text.plist.strings; name = en; path = en.lproj/InfoPlist.strings; sourceTree = "<group>"; };
		44C3C09F16C65EE3003E43D3 /* main.m */ = {isa = PBXFileReference; lastKnownFileType = sourcecode.c.objc; path = main.m; sourceTree = "<group>"; };
		44C3C0A116C65EE3003E43D3 /* DPMusicControllerDemoApp-Prefix.pch */ = {isa = PBXFileReference; lastKnownFileType = sourcecode.c.h; path = "DPMusicControllerDemoApp-Prefix.pch"; sourceTree = "<group>"; };
		44C3C0A216C65EE3003E43D3 /* DPMAppDelegate.h */ = {isa = PBXFileReference; lastKnownFileType = sourcecode.c.h; path = DPMAppDelegate.h; sourceTree = "<group>"; };
		44C3C0A316C65EE3003E43D3 /* DPMAppDelegate.m */ = {isa = PBXFileReference; lastKnownFileType = sourcecode.c.objc; path = DPMAppDelegate.m; sourceTree = "<group>"; };
		44C3C0A516C65EE3003E43D3 /* Default.png */ = {isa = PBXFileReference; lastKnownFileType = image.png; path = Default.png; sourceTree = "<group>"; };
		44C3C0A716C65EE3003E43D3 /* Default@2x.png */ = {isa = PBXFileReference; lastKnownFileType = image.png; path = "Default@2x.png"; sourceTree = "<group>"; };
		44C3C0A916C65EE3003E43D3 /* Default-568h@2x.png */ = {isa = PBXFileReference; lastKnownFileType = image.png; path = "Default-568h@2x.png"; sourceTree = "<group>"; };
		44C3C0AC16C65EE3003E43D3 /* en */ = {isa = PBXFileReference; lastKnownFileType = file.storyboard; name = en; path = en.lproj/MainStoryboard_iPhone.storyboard; sourceTree = "<group>"; };
		44C3C0AF16C65EE3003E43D3 /* en */ = {isa = PBXFileReference; lastKnownFileType = file.storyboard; name = en; path = en.lproj/MainStoryboard_iPad.storyboard; sourceTree = "<group>"; };
		44C3C0B116C65EE3003E43D3 /* DPMViewController.h */ = {isa = PBXFileReference; lastKnownFileType = sourcecode.c.h; path = DPMViewController.h; sourceTree = "<group>"; };
		44C3C0B216C65EE3003E43D3 /* DPMViewController.m */ = {isa = PBXFileReference; lastKnownFileType = sourcecode.c.objc; path = DPMViewController.m; sourceTree = "<group>"; };
		44C3C0C516C661A3003E43D3 /* AudioToolbox.framework */ = {isa = PBXFileReference; lastKnownFileType = wrapper.framework; name = AudioToolbox.framework; path = System/Library/Frameworks/AudioToolbox.framework; sourceTree = SDKROOT; };
		44C3C0C716C661A9003E43D3 /* CoreAudio.framework */ = {isa = PBXFileReference; lastKnownFileType = wrapper.framework; name = CoreAudio.framework; path = System/Library/Frameworks/CoreAudio.framework; sourceTree = SDKROOT; };
		44C3C0C916C66219003E43D3 /* AVFoundation.framework */ = {isa = PBXFileReference; lastKnownFileType = wrapper.framework; name = AVFoundation.framework; path = System/Library/Frameworks/AVFoundation.framework; sourceTree = SDKROOT; };
		44C3C0D416C68870003E43D3 /* MediaPlayer.framework */ = {isa = PBXFileReference; lastKnownFileType = wrapper.framework; name = MediaPlayer.framework; path = System/Library/Frameworks/MediaPlayer.framework; sourceTree = SDKROOT; };
/* End PBXFileReference section */

/* Begin PBXFrameworksBuildPhase section */
		44C3C08D16C65EE3003E43D3 /* Frameworks */ = {
			isa = PBXFrameworksBuildPhase;
			buildActionMask = 2147483647;
			files = (
				44A441D816C790B300D71022 /* CoreMedia.framework in Frameworks */,
				44C3C0D516C68870003E43D3 /* MediaPlayer.framework in Frameworks */,
				44C3C0CA16C66219003E43D3 /* AVFoundation.framework in Frameworks */,
				44C3C0C816C661A9003E43D3 /* CoreAudio.framework in Frameworks */,
				44C3C0C616C661A3003E43D3 /* AudioToolbox.framework in Frameworks */,
				44C3C09416C65EE3003E43D3 /* UIKit.framework in Frameworks */,
				44C3C09616C65EE3003E43D3 /* Foundation.framework in Frameworks */,
				44C3C09816C65EE3003E43D3 /* CoreGraphics.framework in Frameworks */,
			);
			runOnlyForDeploymentPostprocessing = 0;
		};
/* End PBXFrameworksBuildPhase section */

/* Begin PBXGroup section */
		44A9FA9116CF9EFD00C6E5D1 /* DPMusicController */ = {
			isa = PBXGroup;
			children = (
				44A9FA9216CF9EFD00C6E5D1 /* DPMusicConstants.h */,
				44A9FA9316CF9EFD00C6E5D1 /* DPMusicController.h */,
				44A9FA9416CF9EFD00C6E5D1 /* DPMusicController.m */,
				44A9FA9516CF9EFD00C6E5D1 /* DPMusicItem.h */,
				44A9FA9616CF9EFD00C6E5D1 /* DPMusicItem.m */,
				44A9FA9716CF9EFD00C6E5D1 /* DPMusicItemAlbum.h */,
				44A9FA9816CF9EFD00C6E5D1 /* DPMusicItemAlbum.m */,
				44A9FA9916CF9EFD00C6E5D1 /* DPMusicItemArtist.h */,
				44A9FA9A16CF9EFD00C6E5D1 /* DPMusicItemArtist.m */,
				44A9FA9B16CF9EFD00C6E5D1 /* DPMusicItemIndexSection.h */,
				44A9FA9C16CF9EFD00C6E5D1 /* DPMusicItemIndexSection.m */,
				44A9FA9D16CF9EFD00C6E5D1 /* DPMusicItemSong.h */,
				44A9FA9E16CF9EFD00C6E5D1 /* DPMusicItemSong.m */,
				44A9FA9F16CF9EFD00C6E5D1 /* DPMusicLibraryManager.h */,
				44A9FAA016CF9EFD00C6E5D1 /* DPMusicLibraryManager.m */,
				44A9FAA116CF9EFD00C6E5D1 /* DPMusicPlayer.h */,
				44A9FAA216CF9EFD00C6E5D1 /* DPMusicPlayer.m */,
				44A9FAA316CF9EFD00C6E5D1 /* External */,
			);
			name = DPMusicController;
			path = ../DPMusicController;
			sourceTree = "<group>";
		};
		44A9FAA316CF9EFD00C6E5D1 /* External */ = {
			isa = PBXGroup;
			children = (
				44A9FAA416CF9EFD00C6E5D1 /* TPCircularBuffer */,
			);
			path = External;
			sourceTree = "<group>";
		};
		44A9FAA416CF9EFD00C6E5D1 /* TPCircularBuffer */ = {
			isa = PBXGroup;
			children = (
				44A9FAA516CF9EFD00C6E5D1 /* TPCircularBuffer+AudioBufferList.c */,
				44A9FAA616CF9EFD00C6E5D1 /* TPCircularBuffer+AudioBufferList.h */,
				44A9FAA716CF9EFD00C6E5D1 /* TPCircularBuffer.c */,
				44A9FAA816CF9EFD00C6E5D1 /* TPCircularBuffer.h */,
			);
			path = TPCircularBuffer;
			sourceTree = "<group>";
		};
		44AB1FAD16C78B7800BD3670 /* ViewControllers */ = {
			isa = PBXGroup;
			children = (
				44AB1FAE16C78B9900BD3670 /* DPMTableViewController.h */,
				44AB1FAF16C78B9900BD3670 /* DPMTableViewController.m */,
				44A441D916C7AD4D00D71022 /* DPMNowPlayingViewController.h */,
				44A441DA16C7AD4D00D71022 /* DPMNowPlayingViewController.m */,
			);
			name = ViewControllers;
			sourceTree = "<group>";
		};
		44C3C08716C65EE3003E43D3 = {
			isa = PBXGroup;
			children = (
				44A9FA9116CF9EFD00C6E5D1 /* DPMusicController */,
				44C3C09916C65EE3003E43D3 /* DPMusicControllerDemoApp */,
				44C3C09216C65EE3003E43D3 /* Frameworks */,
				44C3C09116C65EE3003E43D3 /* Products */,
			);
			sourceTree = "<group>";
		};
		44C3C09116C65EE3003E43D3 /* Products */ = {
			isa = PBXGroup;
			children = (
				44C3C09016C65EE3003E43D3 /* DPMusicControllerDemoApp.app */,
			);
			name = Products;
			sourceTree = "<group>";
		};
		44C3C09216C65EE3003E43D3 /* Frameworks */ = {
			isa = PBXGroup;
			children = (
				44A441D716C790B300D71022 /* CoreMedia.framework */,
				44C3C0D416C68870003E43D3 /* MediaPlayer.framework */,
				44C3C0C916C66219003E43D3 /* AVFoundation.framework */,
				44C3C0C716C661A9003E43D3 /* CoreAudio.framework */,
				44C3C0C516C661A3003E43D3 /* AudioToolbox.framework */,
				44C3C09316C65EE3003E43D3 /* UIKit.framework */,
				44C3C09516C65EE3003E43D3 /* Foundation.framework */,
				44C3C09716C65EE3003E43D3 /* CoreGraphics.framework */,
			);
			name = Frameworks;
			sourceTree = "<group>";
		};
		44C3C09916C65EE3003E43D3 /* DPMusicControllerDemoApp */ = {
			isa = PBXGroup;
			children = (
				44AB1FAD16C78B7800BD3670 /* ViewControllers */,
				44C3C0A216C65EE3003E43D3 /* DPMAppDelegate.h */,
				44C3C0A316C65EE3003E43D3 /* DPMAppDelegate.m */,
				44C3C0AB16C65EE3003E43D3 /* MainStoryboard_iPhone.storyboard */,
				44C3C0AE16C65EE3003E43D3 /* MainStoryboard_iPad.storyboard */,
				44C3C0B116C65EE3003E43D3 /* DPMViewController.h */,
				44C3C0B216C65EE3003E43D3 /* DPMViewController.m */,
				44C3C09A16C65EE3003E43D3 /* Supporting Files */,
			);
			path = DPMusicControllerDemoApp;
			sourceTree = "<group>";
		};
		44C3C09A16C65EE3003E43D3 /* Supporting Files */ = {
			isa = PBXGroup;
			children = (
				44C3C09B16C65EE3003E43D3 /* DPMusicControllerDemoApp-Info.plist */,
				44C3C09C16C65EE3003E43D3 /* InfoPlist.strings */,
				44C3C09F16C65EE3003E43D3 /* main.m */,
				44C3C0A116C65EE3003E43D3 /* DPMusicControllerDemoApp-Prefix.pch */,
				44C3C0A516C65EE3003E43D3 /* Default.png */,
				44C3C0A716C65EE3003E43D3 /* Default@2x.png */,
				44C3C0A916C65EE3003E43D3 /* Default-568h@2x.png */,
			);
			name = "Supporting Files";
			sourceTree = "<group>";
		};
/* End PBXGroup section */

/* Begin PBXNativeTarget section */
		44C3C08F16C65EE3003E43D3 /* DPMusicControllerDemoApp */ = {
			isa = PBXNativeTarget;
			buildConfigurationList = 44C3C0B616C65EE3003E43D3 /* Build configuration list for PBXNativeTarget "DPMusicControllerDemoApp" */;
			buildPhases = (
				44C3C08C16C65EE3003E43D3 /* Sources */,
				44C3C08D16C65EE3003E43D3 /* Frameworks */,
				44C3C08E16C65EE3003E43D3 /* Resources */,
			);
			buildRules = (
			);
			dependencies = (
			);
			name = DPMusicControllerDemoApp;
			productName = DPMusicControllerDemoApp;
			productReference = 44C3C09016C65EE3003E43D3 /* DPMusicControllerDemoApp.app */;
			productType = "com.apple.product-type.application";
		};
/* End PBXNativeTarget section */

/* Begin PBXProject section */
		44C3C08816C65EE3003E43D3 /* Project object */ = {
			isa = PBXProject;
			attributes = {
				CLASSPREFIX = DPM;
				LastUpgradeCheck = 0460;
				ORGANIZATIONNAME = "Dan Pourhadi";
			};
			buildConfigurationList = 44C3C08B16C65EE3003E43D3 /* Build configuration list for PBXProject "DPMusicControllerDemoApp" */;
			compatibilityVersion = "Xcode 3.2";
			developmentRegion = English;
			hasScannedForEncodings = 0;
			knownRegions = (
				en,
			);
			mainGroup = 44C3C08716C65EE3003E43D3;
			productRefGroup = 44C3C09116C65EE3003E43D3 /* Products */;
			projectDirPath = "";
			projectRoot = "";
			targets = (
				44C3C08F16C65EE3003E43D3 /* DPMusicControllerDemoApp */,
			);
		};
/* End PBXProject section */

/* Begin PBXResourcesBuildPhase section */
		44C3C08E16C65EE3003E43D3 /* Resources */ = {
			isa = PBXResourcesBuildPhase;
			buildActionMask = 2147483647;
			files = (
				44C3C09E16C65EE3003E43D3 /* InfoPlist.strings in Resources */,
				44C3C0A616C65EE3003E43D3 /* Default.png in Resources */,
				44C3C0A816C65EE3003E43D3 /* Default@2x.png in Resources */,
				44C3C0AA16C65EE3003E43D3 /* Default-568h@2x.png in Resources */,
				44C3C0AD16C65EE3003E43D3 /* MainStoryboard_iPhone.storyboard in Resources */,
				44C3C0B016C65EE3003E43D3 /* MainStoryboard_iPad.storyboard in Resources */,
			);
			runOnlyForDeploymentPostprocessing = 0;
		};
/* End PBXResourcesBuildPhase section */

/* Begin PBXSourcesBuildPhase section */
		44C3C08C16C65EE3003E43D3 /* Sources */ = {
			isa = PBXSourcesBuildPhase;
			buildActionMask = 2147483647;
			files = (
				44C3C0A016C65EE3003E43D3 /* main.m in Sources */,
				44C3C0A416C65EE3003E43D3 /* DPMAppDelegate.m in Sources */,
				44C3C0B316C65EE3003E43D3 /* DPMViewController.m in Sources */,
				44AB1FB116C78B9900BD3670 /* DPMTableViewController.m in Sources */,
				44A441DB16C7AD4D00D71022 /* DPMNowPlayingViewController.m in Sources */,
				44A9FAA916CF9EFD00C6E5D1 /* DPMusicController.m in Sources */,
				44A9FAAA16CF9EFD00C6E5D1 /* DPMusicItem.m in Sources */,
				44A9FAAB16CF9EFD00C6E5D1 /* DPMusicItemAlbum.m in Sources */,
				44A9FAAC16CF9EFD00C6E5D1 /* DPMusicItemArtist.m in Sources */,
				44A9FAAD16CF9EFD00C6E5D1 /* DPMusicItemIndexSection.m in Sources */,
				44A9FAAE16CF9EFD00C6E5D1 /* DPMusicItemSong.m in Sources */,
				44A9FAAF16CF9EFD00C6E5D1 /* DPMusicLibraryManager.m in Sources */,
				44A9FAB016CF9EFD00C6E5D1 /* DPMusicPlayer.m in Sources */,
				44A9FAB116CF9EFD00C6E5D1 /* TPCircularBuffer+AudioBufferList.c in Sources */,
				44A9FAB216CF9EFD00C6E5D1 /* TPCircularBuffer.c in Sources */,
			);
			runOnlyForDeploymentPostprocessing = 0;
		};
/* End PBXSourcesBuildPhase section */

/* Begin PBXVariantGroup section */
		44C3C09C16C65EE3003E43D3 /* InfoPlist.strings */ = {
			isa = PBXVariantGroup;
			children = (
				44C3C09D16C65EE3003E43D3 /* en */,
			);
			name = InfoPlist.strings;
			sourceTree = "<group>";
		};
		44C3C0AB16C65EE3003E43D3 /* MainStoryboard_iPhone.storyboard */ = {
			isa = PBXVariantGroup;
			children = (
				44C3C0AC16C65EE3003E43D3 /* en */,
			);
			name = MainStoryboard_iPhone.storyboard;
			sourceTree = "<group>";
		};
		44C3C0AE16C65EE3003E43D3 /* MainStoryboard_iPad.storyboard */ = {
			isa = PBXVariantGroup;
			children = (
				44C3C0AF16C65EE3003E43D3 /* en */,
			);
			name = MainStoryboard_iPad.storyboard;
			sourceTree = "<group>";
		};
/* End PBXVariantGroup section */

/* Begin XCBuildConfiguration section */
		44C3C0B416C65EE3003E43D3 /* Debug */ = {
			isa = XCBuildConfiguration;
			buildSettings = {
				ALWAYS_SEARCH_USER_PATHS = NO;
				CLANG_CXX_LANGUAGE_STANDARD = "gnu++0x";
				CLANG_CXX_LIBRARY = "libc++";
				CLANG_ENABLE_OBJC_ARC = YES;
				CLANG_WARN_CONSTANT_CONVERSION = YES;
				CLANG_WARN_EMPTY_BODY = YES;
				CLANG_WARN_ENUM_CONVERSION = YES;
				CLANG_WARN_INT_CONVERSION = YES;
				CLANG_WARN__DUPLICATE_METHOD_MATCH = YES;
				"CODE_SIGN_IDENTITY[sdk=iphoneos*]" = "iPhone Developer";
				COPY_PHASE_STRIP = NO;
				GCC_C_LANGUAGE_STANDARD = gnu99;
				GCC_DYNAMIC_NO_PIC = NO;
				GCC_OPTIMIZATION_LEVEL = 0;
				GCC_PREPROCESSOR_DEFINITIONS = (
					"DEBUG=1",
					"$(inherited)",
				);
				GCC_SYMBOLS_PRIVATE_EXTERN = NO;
				GCC_WARN_ABOUT_RETURN_TYPE = YES;
				GCC_WARN_UNINITIALIZED_AUTOS = YES;
				GCC_WARN_UNUSED_VARIABLE = YES;
				IPHONEOS_DEPLOYMENT_TARGET = 6.1;
				ONLY_ACTIVE_ARCH = YES;
				SDKROOT = iphoneos;
				TARGETED_DEVICE_FAMILY = "1,2";
			};
			name = Debug;
		};
		44C3C0B516C65EE3003E43D3 /* Release */ = {
			isa = XCBuildConfiguration;
			buildSettings = {
				ALWAYS_SEARCH_USER_PATHS = NO;
				CLANG_CXX_LANGUAGE_STANDARD = "gnu++0x";
				CLANG_CXX_LIBRARY = "libc++";
				CLANG_ENABLE_OBJC_ARC = YES;
				CLANG_WARN_CONSTANT_CONVERSION = YES;
				CLANG_WARN_EMPTY_BODY = YES;
				CLANG_WARN_ENUM_CONVERSION = YES;
				CLANG_WARN_INT_CONVERSION = YES;
				CLANG_WARN__DUPLICATE_METHOD_MATCH = YES;
				"CODE_SIGN_IDENTITY[sdk=iphoneos*]" = "iPhone Developer";
				COPY_PHASE_STRIP = YES;
				GCC_C_LANGUAGE_STANDARD = gnu99;
				GCC_WARN_ABOUT_RETURN_TYPE = YES;
				GCC_WARN_UNINITIALIZED_AUTOS = YES;
				GCC_WARN_UNUSED_VARIABLE = YES;
				IPHONEOS_DEPLOYMENT_TARGET = 6.1;
				OTHER_CFLAGS = "-DNS_BLOCK_ASSERTIONS=1";
				SDKROOT = iphoneos;
				TARGETED_DEVICE_FAMILY = "1,2";
				VALIDATE_PRODUCT = YES;
			};
			name = Release;
		};
		44C3C0B716C65EE3003E43D3 /* Debug */ = {
			isa = XCBuildConfiguration;
			buildSettings = {
				GCC_PRECOMPILE_PREFIX_HEADER = YES;
				GCC_PREFIX_HEADER = "DPMusicControllerDemoApp/DPMusicControllerDemoApp-Prefix.pch";
				INFOPLIST_FILE = "DPMusicControllerDemoApp/DPMusicControllerDemoApp-Info.plist";
				PRODUCT_NAME = "$(TARGET_NAME)";
				WRAPPER_EXTENSION = app;
			};
			name = Debug;
		};
		44C3C0B816C65EE3003E43D3 /* Release */ = {
			isa = XCBuildConfiguration;
			buildSettings = {
				GCC_PRECOMPILE_PREFIX_HEADER = YES;
				GCC_PREFIX_HEADER = "DPMusicControllerDemoApp/DPMusicControllerDemoApp-Prefix.pch";
				INFOPLIST_FILE = "DPMusicControllerDemoApp/DPMusicControllerDemoApp-Info.plist";
				PRODUCT_NAME = "$(TARGET_NAME)";
				WRAPPER_EXTENSION = app;
			};
			name = Release;
		};
/* End XCBuildConfiguration section */

/* Begin XCConfigurationList section */
		44C3C08B16C65EE3003E43D3 /* Build configuration list for PBXProject "DPMusicControllerDemoApp" */ = {
			isa = XCConfigurationList;
			buildConfigurations = (
				44C3C0B416C65EE3003E43D3 /* Debug */,
				44C3C0B516C65EE3003E43D3 /* Release */,
			);
			defaultConfigurationIsVisible = 0;
			defaultConfigurationName = Release;
		};
		44C3C0B616C65EE3003E43D3 /* Build configuration list for PBXNativeTarget "DPMusicControllerDemoApp" */ = {
			isa = XCConfigurationList;
			buildConfigurations = (
				44C3C0B716C65EE3003E43D3 /* Debug */,
				44C3C0B816C65EE3003E43D3 /* Release */,
			);
			defaultConfigurationIsVisible = 0;
			defaultConfigurationName = Release;
		};
/* End XCConfigurationList section */
	};
	rootObject = 44C3C08816C65EE3003E43D3 /* Project object */;
}
